# generated by rye
# use `rye lock` or `rye sync` to update this lockfile
#
# last locked with the following flags:
#   pre: false
#   features: []
#   all-features: false
#   with-sources: false

-e file:.
absl-py==2.1.0
    # via mediapipe
attrs==23.2.0
    # via mediapipe
cffi==1.16.0
    # via sounddevice
click==8.1.7
    # via sign-prosody-extraction
contourpy==1.2.1
    # via matplotlib
cycler==0.12.1
    # via matplotlib
filelock==3.13.4
    # via torch
    # via triton
flatbuffers==24.3.25
    # via mediapipe
flow-vis==0.1
    # via sign-prosody-extraction
fonttools==4.51.0
    # via matplotlib
fsspec==2024.3.1
    # via torch
imageio==2.34.0
    # via sign-prosody-extraction
imageio-ffmpeg==0.4.9
    # via imageio
jax==0.4.26
    # via mediapipe
jaxlib==0.4.26
    # via mediapipe
jinja2==3.1.3
    # via torch
joblib==1.4.0
    # via scikit-learn
kiwisolver==1.4.5
    # via matplotlib
markupsafe==2.1.5
    # via jinja2
matplotlib==3.8.4
    # via mediapipe
    # via sign-prosody-extraction
mediapipe==0.10.11
    # via sign-prosody-extraction
ml-dtypes==0.4.0
    # via jax
    # via jaxlib
mpmath==1.3.0
    # via sympy
networkx==3.3
    # via torch
nptyping==2.5.0
    # via sign-prosody-extraction
numpy==1.26.4
    # via contourpy
    # via flow-vis
    # via imageio
    # via jax
    # via jaxlib
    # via matplotlib
    # via mediapipe
    # via ml-dtypes
    # via nptyping
    # via opencv-contrib-python
    # via opt-einsum
    # via pandas
    # via scikit-learn
    # via scipy
    # via sign-prosody-extraction
    # via torchvision
nvidia-cublas-cu12==12.1.3.1
    # via nvidia-cudnn-cu12
    # via nvidia-cusolver-cu12
    # via torch
nvidia-cuda-cupti-cu12==12.1.105
    # via torch
nvidia-cuda-nvrtc-cu12==12.1.105
    # via torch
nvidia-cuda-runtime-cu12==12.1.105
    # via torch
nvidia-cudnn-cu12==8.9.2.26
    # via torch
nvidia-cufft-cu12==11.0.2.54
    # via torch
nvidia-curand-cu12==10.3.2.106
    # via torch
nvidia-cusolver-cu12==11.4.5.107
    # via torch
nvidia-cusparse-cu12==12.1.0.106
    # via nvidia-cusolver-cu12
    # via torch
nvidia-nccl-cu12==2.19.3
    # via torch
nvidia-nvjitlink-cu12==12.4.127
    # via nvidia-cusolver-cu12
    # via nvidia-cusparse-cu12
nvidia-nvtx-cu12==12.1.105
    # via torch
opencv-contrib-python==4.9.0.80
    # via mediapipe
opt-einsum==3.3.0
    # via jax
packaging==24.0
    # via matplotlib
pandas==2.2.2
    # via sign-prosody-extraction
pillow==10.3.0
    # via imageio
    # via matplotlib
    # via torchvision
protobuf==3.20.3
    # via mediapipe
psutil==5.9.8
    # via imageio
pycparser==2.22
    # via cffi
pyparsing==3.1.2
    # via matplotlib
python-dateutil==2.9.0.post0
    # via matplotlib
    # via pandas
pytz==2024.1
    # via pandas
scikit-learn==1.4.2
    # via sign-prosody-extraction
scipy==1.13.0
    # via jax
    # via jaxlib
    # via scikit-learn
    # via sign-prosody-extraction
setuptools==69.2.0
    # via imageio-ffmpeg
six==1.16.0
    # via python-dateutil
sounddevice==0.4.6
    # via mediapipe
sympy==1.12
    # via torch
threadpoolctl==3.4.0
    # via scikit-learn
torch==2.2.2
    # via mediapipe
    # via sign-prosody-extraction
    # via torchvision
torchvision==0.17.2
    # via sign-prosody-extraction
triton==2.2.0
    # via torch
typing-extensions==4.11.0
    # via torch
tzdata==2024.1
    # via pandas
