# generated by rye
# use `rye lock` or `rye sync` to update this lockfile
#
# last locked with the following flags:
#   pre: false
#   features: []
#   all-features: true
#   with-sources: false

-e file:.
annotated-types==0.6.0
    # via pydantic
anyio==4.3.0
    # via httpx
    # via par-run
    # via starlette
    # via watchfiles
asttokens==2.4.1
    # via stack-data
attrs==23.2.0
    # via outcome
    # via trio
backports-tarfile==1.0.0
    # via jaraco-context
bump-my-version==0.20.0
certifi==2024.2.2
    # via httpcore
    # via httpx
    # via requests
cffi==1.16.0
    # via cryptography
charset-normalizer==3.3.2
    # via requests
click==8.1.7
    # via bump-my-version
    # via rich-click
    # via typer
    # via uvicorn
coverage==7.4.4
    # via pytest-cov
cryptography==42.0.5
    # via secretstorage
decorator==5.1.1
    # via ipython
docutils==0.21.1
    # via readme-renderer
exceptiongroup==1.2.1
    # via anyio
    # via ipython
    # via par-run
    # via pytest
    # via trio
execnet==2.1.1
    # via pytest-xdist
executing==2.0.1
    # via stack-data
fastapi==0.110.1
    # via par-run
h11==0.14.0
    # via httpcore
    # via uvicorn
httpcore==1.0.5
    # via httpx
httptools==0.6.1
    # via uvicorn
httpx==0.27.0
idna==3.7
    # via anyio
    # via httpx
    # via requests
    # via trio
importlib-metadata==7.1.0
    # via keyring
    # via twine
iniconfig==2.0.0
    # via pytest
ipython==8.18.1
jaraco-classes==3.4.0
    # via keyring
jaraco-context==5.3.0
    # via keyring
jaraco-functools==4.0.0
    # via keyring
jedi==0.19.1
    # via ipython
jeepney==0.8.0
    # via keyring
    # via secretstorage
jinja2==3.1.3
    # via par-run
keyring==25.1.0
    # via twine
markdown-it-py==3.0.0
    # via rich
markupsafe==2.1.5
    # via jinja2
matplotlib-inline==0.1.6
    # via ipython
mdurl==0.1.2
    # via markdown-it-py
more-itertools==10.2.0
    # via jaraco-classes
    # via jaraco-functools
mypy==1.9.0
mypy-extensions==1.0.0
    # via mypy
nh3==0.2.17
    # via readme-renderer
outcome==1.3.0.post0
    # via trio
packaging==24.0
    # via pytest
parso==0.8.4
    # via jedi
pexpect==4.9.0
    # via ipython
pkginfo==1.10.0
    # via twine
pluggy==1.4.0
    # via pytest
prompt-toolkit==3.0.43
    # via ipython
    # via questionary
psutil==5.9.8
    # via par-run
ptyprocess==0.7.0
    # via pexpect
pure-eval==0.2.2
    # via stack-data
py-cpuinfo==9.0.0
    # via pytest-benchmark
pycparser==2.22
    # via cffi
pydantic==2.7.0
    # via bump-my-version
    # via fastapi
    # via par-run
    # via pydantic-settings
pydantic-core==2.18.1
    # via pydantic
pydantic-settings==2.2.1
    # via bump-my-version
pygments==2.17.2
    # via ipython
    # via readme-renderer
    # via rich
pytest==8.1.1
    # via pytest-benchmark
    # via pytest-cov
    # via pytest-mock
    # via pytest-random-order
    # via pytest-xdist
pytest-benchmark==4.0.0
pytest-cov==5.0.0
pytest-mock==3.14.0
pytest-random-order==1.1.1
pytest-xdist==3.5.0
python-dotenv==1.0.1
    # via pydantic-settings
    # via uvicorn
pyyaml==6.0.1
    # via uvicorn
questionary==1.10.0
    # via bump-my-version
readme-renderer==43.0
    # via twine
requests==2.31.0
    # via requests-toolbelt
    # via twine
requests-toolbelt==1.0.0
    # via twine
rfc3986==2.0.0
    # via twine
rich==13.7.1
    # via bump-my-version
    # via par-run
    # via rich-click
    # via twine
    # via typer
rich-click==1.7.4
    # via bump-my-version
ruff==0.3.7
secretstorage==3.3.3
    # via keyring
shellingham==1.5.4
    # via typer
six==1.16.0
    # via asttokens
sniffio==1.3.1
    # via anyio
    # via httpx
    # via trio
sortedcontainers==2.4.0
    # via trio
stack-data==0.6.3
    # via ipython
starlette==0.37.2
    # via fastapi
tomli==2.0.1
    # via coverage
    # via mypy
    # via pytest
tomlkit==0.12.4
    # via bump-my-version
    # via par-run
traitlets==5.14.2
    # via ipython
    # via matplotlib-inline
trio==0.25.0
    # via anyio
twine==5.0.0
typer==0.12.3
    # via par-run
types-psutil==5.9.5.20240316
types-requests==2.31.0.20240406
types-toml==0.10.8.20240310
typing-extensions==4.11.0
    # via anyio
    # via fastapi
    # via ipython
    # via mypy
    # via pydantic
    # via pydantic-core
    # via rich-click
    # via starlette
    # via typer
    # via uvicorn
urllib3==2.2.1
    # via requests
    # via twine
    # via types-requests
uvicorn==0.29.0
    # via par-run
uvloop==0.19.0
    # via uvicorn
watchfiles==0.21.0
    # via uvicorn
wcwidth==0.2.13
    # via prompt-toolkit
websockets==12.0
    # via uvicorn
zipp==3.18.1
    # via importlib-metadata
