# generated by rye
# use `rye lock` or `rye sync` to update this lockfile
#
# last locked with the following flags:
#   pre: false
#   features: []
#   all-features: true
#   with-sources: false

-e file:.
annotated-types==0.6.0
    # via pydantic
anyio==4.3.0
    # via par-run
    # via starlette
    # via watchfiles
click==8.1.7
    # via typer
    # via uvicorn
exceptiongroup==1.2.1
    # via anyio
    # via par-run
fastapi==0.110.1
    # via par-run
h11==0.14.0
    # via uvicorn
httptools==0.6.1
    # via uvicorn
idna==3.7
    # via anyio
jinja2==3.1.3
    # via par-run
markdown-it-py==3.0.0
    # via rich
markupsafe==2.1.5
    # via jinja2
mdurl==0.1.2
    # via markdown-it-py
psutil==5.9.8
    # via par-run
pydantic==2.7.0
    # via fastapi
    # via par-run
pydantic-core==2.18.1
    # via pydantic
pygments==2.17.2
    # via rich
python-dotenv==1.0.1
    # via uvicorn
pyyaml==6.0.1
    # via uvicorn
rich==13.7.1
    # via par-run
    # via typer
shellingham==1.5.4
    # via typer
sniffio==1.3.1
    # via anyio
starlette==0.37.2
    # via fastapi
tomlkit==0.12.4
    # via par-run
typer==0.12.3
    # via par-run
typing-extensions==4.11.0
    # via anyio
    # via fastapi
    # via pydantic
    # via pydantic-core
    # via starlette
    # via typer
    # via uvicorn
uvicorn==0.29.0
    # via par-run
uvloop==0.19.0
    # via uvicorn
watchfiles==0.21.0
    # via uvicorn
websockets==12.0
    # via uvicorn
