# generated by rye
# use `rye lock` or `rye sync` to update this lockfile
#
# last locked with the following flags:
#   pre: false
#   features: []
#   all-features: false
#   with-sources: false

-e file:.
absl-py==2.1.0
    # via prompters
attrs==23.2.0
    # via prompters
beartype==0.18.5
    # via plum-dispatch
    # via prompters
jinja2==3.1.4
    # via prompters
markdown-it-py==3.0.0
    # via rich
markupsafe==2.1.5
    # via jinja2
mdurl==0.1.2
    # via markdown-it-py
plum-dispatch==2.3.5
    # via prompters
pygments==2.18.0
    # via rich
rich==13.7.1
    # via plum-dispatch
ruff==0.4.4
    # via prompters
typing-extensions==4.11.0
    # via plum-dispatch
